
Microsoft Visual Studio Solution File, Format Version 12.00
# Visual Studio Version 17
VisualStudioVersion = 17.5.33627.172
MinimumVisualStudioVersion = 10.0.40219.1
Project("{9A19103F-16F7-4668-BE54-9A1E7A4F7556}") = "Desafio-OO", "Desafio-OO.csproj", "{C10DA3D1-BFA3-40E4-AC1B-D04DA5886600}"
EndProject
Project("{FAE04EC0-301F-11D3-BF4B-00C04F79EFBC}") = "Biblioteca", "..\Biblioteca\Biblioteca.csproj", "{1F9A978A-9CA1-4CD7-9303-C7CBE397CEE9}"
EndProject
Global
	GlobalSection(SolutionConfigurationPlatforms) = preSolution
		Debug|Any CPU = Debug|Any CPU
		Release|Any CPU = Release|Any CPU
	EndGlobalSection
	GlobalSection(ProjectConfigurationPlatforms) = postSolution
		{C10DA3D1-BFA3-40E4-AC1B-D04DA5886600}.Debug|Any CPU.ActiveCfg = Debug|Any CPU
		{C10DA3D1-BFA3-40E4-AC1B-D04DA5886600}.Debug|Any CPU.Build.0 = Debug|Any CPU
		{C10DA3D1-BFA3-40E4-AC1B-D04DA5886600}.Release|Any CPU.ActiveCfg = Release|Any CPU
		{C10DA3D1-BFA3-40E4-AC1B-D04DA5886600}.Release|Any CPU.Build.0 = Release|Any CPU
		{1F9A978A-9CA1-4CD7-9303-C7CBE397CEE9}.Debug|Any CPU.ActiveCfg = Debug|Any CPU
		{1F9A978A-9CA1-4CD7-9303-C7CBE397CEE9}.Debug|Any CPU.Build.0 = Debug|Any CPU
		{1F9A978A-9CA1-4CD7-9303-C7CBE397CEE9}.Release|Any CPU.ActiveCfg = Release|Any CPU
		{1F9A978A-9CA1-4CD7-9303-C7CBE397CEE9}.Release|Any CPU.Build.0 = Release|Any CPU
	EndGlobalSection
	GlobalSection(SolutionProperties) = preSolution
		HideSolutionNode = FALSE
	EndGlobalSection
	GlobalSection(ExtensibilityGlobals) = postSolution
		SolutionGuid = {75AB78AC-C46E-4E7B-9623-592ECA996867}
	EndGlobalSection
EndGlobal
